// !$*UTF8*$!
{
	archiveVersion = 1;
	classes = {
	};
	objectVersion = 50;
	objects = {

/* Begin PBXBuildFile section */
		63796AF6249EDA5A007DEBAC /* AppDelegate.swift in Sources */ = {isa = PBXBuildFile; fileRef = 63796AF5249EDA5A007DEBAC /* AppDelegate.swift */; };
		63796AF8249EDA5A007DEBAC /* SceneDelegate.swift in Sources */ = {isa = PBXBuildFile; fileRef = 63796AF7249EDA5A007DEBAC /* SceneDelegate.swift */; };
		63796AFA249EDA5A007DEBAC /* ViewController.swift in Sources */ = {isa = PBXBuildFile; fileRef = 63796AF9249EDA5A007DEBAC /* ViewController.swift */; };
		63796AFD249EDA5A007DEBAC /* Main.storyboard in Resources */ = {isa = PBXBuildFile; fileRef = 63796AFB249EDA5A007DEBAC /* Main.storyboard */; };
		63796AFF249EDA5C007DEBAC /* Assets.xcassets in Resources */ = {isa = PBXBuildFile; fileRef = 63796AFE249EDA5C007DEBAC /* Assets.xcassets */; };
		63796B02249EDA5C007DEBAC /* LaunchScreen.storyboard in Resources */ = {isa = PBXBuildFile; fileRef = 63796B00249EDA5C007DEBAC /* LaunchScreen.storyboard */; };
/* End PBXBuildFile section */

/* Begin PBXFileReference section */
		63796AF2249EDA5A007DEBAC /* mv_to_ios.app */ = {isa = PBXFileReference; explicitFileType = wrapper.application; includeInIndex = 0; path = mv_to_ios.app; sourceTree = BUILT_PRODUCTS_DIR; };
		63796AF5249EDA5A007DEBAC /* AppDelegate.swift */ = {isa = PBXFileReference; lastKnownFileType = sourcecode.swift; path = AppDelegate.swift; sourceTree = "<group>"; };
		63796AF7249EDA5A007DEBAC /* SceneDelegate.swift */ = {isa = PBXFileReference; lastKnownFileType = sourcecode.swift; path = SceneDelegate.swift; sourceTree = "<group>"; };
		63796AF9249EDA5A007DEBAC /* ViewController.swift */ = {isa = PBXFileReference; lastKnownFileType = sourcecode.swift; path = ViewController.swift; sourceTree = "<group>"; };
		63796AFC249EDA5A007DEBAC /* Base */ = {isa = PBXFileReference; lastKnownFileType = file.storyboard; name = Base; path = Base.lproj/Main.storyboard; sourceTree = "<group>"; };
		63796AFE249EDA5C007DEBAC /* Assets.xcassets */ = {isa = PBXFileReference; lastKnownFileType = folder.assetcatalog; path = Assets.xcassets; sourceTree = "<group>"; };
		63796B01249EDA5C007DEBAC /* Base */ = {isa = PBXFileReference; lastKnownFileType = file.storyboard; name = Base; path = Base.lproj/LaunchScreen.storyboard; sourceTree = "<group>"; };
		63796B03249EDA5C007DEBAC /* Info.plist */ = {isa = PBXFileReference; lastKnownFileType = text.plist.xml; path = Info.plist; sourceTree = "<group>"; };
/* End PBXFileReference section */

/* Begin PBXFrameworksBuildPhase section */
		63796AEF249EDA5A007DEBAC /* Frameworks */ = {
			isa = PBXFrameworksBuildPhase;
			buildActionMask = 2147483647;
			files = (
			);
			runOnlyForDeploymentPostprocessing = 0;
		};
/* End PBXFrameworksBuildPhase section */

/* Begin PBXGroup section */
		63796AE9249EDA5A007DEBAC = {
			isa = PBXGroup;
			children = (
				63796AF4249EDA5A007DEBAC /* mv_to_ios */,
				63796AF3249EDA5A007DEBAC /* Products */,
			);
			sourceTree = "<group>";
		};
		63796AF3249EDA5A007DEBAC /* Products */ = {
			isa = PBXGroup;
			children = (
				63796AF2249EDA5A007DEBAC /* mv_to_ios.app */,
			);
			name = Products;
			sourceTree = "<group>";
		};
		63796AF4249EDA5A007DEBAC /* mv_to_ios */ = {
			isa = PBXGroup;
			children = (
				63796AF5249EDA5A007DEBAC /* AppDelegate.swift */,
				63796AF7249EDA5A007DEBAC /* SceneDelegate.swift */,
				63796AF9249EDA5A007DEBAC /* ViewController.swift */,
				63796AFB249EDA5A007DEBAC /* Main.storyboard */,
				63796AFE249EDA5C007DEBAC /* Assets.xcassets */,
				63796B00249EDA5C007DEBAC /* LaunchScreen.storyboard */,
				63796B03249EDA5C007DEBAC /* Info.plist */,
			);
			path = mv_to_ios;
			sourceTree = "<group>";
		};
/* End PBXGroup section */

/* Begin PBXNativeTarget section */
		63796AF1249EDA5A007DEBAC /* mv_to_ios */ = {
			isa = PBXNativeTarget;
			buildConfigurationList = 63796B06249EDA5C007DEBAC /* Build configuration list for PBXNativeTarget "mv_to_ios" */;
			buildPhases = (
				63796AEE249EDA5A007DEBAC /* Sources */,
				63796AEF249EDA5A007DEBAC /* Frameworks */,
				63796AF0249EDA5A007DEBAC /* Resources */,
			);
			buildRules = (
			);
			dependencies = (
			);
			name = mv_to_ios;
			productName = mv_to_ios;
			productReference = 63796AF2249EDA5A007DEBAC /* mv_to_ios.app */;
			productType = "com.apple.product-type.application";
		};
/* End PBXNativeTarget section */

/* Begin PBXProject section */
		63796AEA249EDA5A007DEBAC /* Project object */ = {
			isa = PBXProject;
			attributes = {
				LastSwiftUpdateCheck = 1150;
				LastUpgradeCheck = 1150;
				ORGANIZATIONNAME = developer;
				TargetAttributes = {
					63796AF1249EDA5A007DEBAC = {
						CreatedOnToolsVersion = 11.5;
					};
				};
			};
			buildConfigurationList = 63796AED249EDA5A007DEBAC /* Build configuration list for PBXProject "mv_to_ios" */;
			compatibilityVersion = "Xcode 9.3";
			developmentRegion = en;
			hasScannedForEncodings = 0;
			knownRegions = (
				en,
				Base,
			);
			mainGroup = 63796AE9249EDA5A007DEBAC;
			productRefGroup = 63796AF3249EDA5A007DEBAC /* Products */;
			projectDirPath = "";
			projectRoot = "";
			targets = (
				63796AF1249EDA5A007DEBAC /* mv_to_ios */,
			);
		};
/* End PBXProject section */

/* Begin PBXResourcesBuildPhase section */
		63796AF0249EDA5A007DEBAC /* Resources */ = {
			isa = PBXResourcesBuildPhase;
			buildActionMask = 2147483647;
			files = (
				63796B02249EDA5C007DEBAC /* LaunchScreen.storyboard in Resources */,
				63796AFF249EDA5C007DEBAC /* Assets.xcassets in Resources */,
				63796AFD249EDA5A007DEBAC /* Main.storyboard in Resources */,
			);
			runOnlyForDeploymentPostprocessing = 0;
		};
/* End PBXResourcesBuildPhase section */

/* Begin PBXSourcesBuildPhase section */
		63796AEE249EDA5A007DEBAC /* Sources */ = {
			isa = PBXSourcesBuildPhase;
			buildActionMask = 2147483647;
			files = (
				63796AFA249EDA5A007DEBAC /* ViewController.swift in Sources */,
				63796AF6249EDA5A007DEBAC /* AppDelegate.swift in Sources */,
				63796AF8249EDA5A007DEBAC /* SceneDelegate.swift in Sources */,
			);
			runOnlyForDeploymentPostprocessing = 0;
		};
/* End PBXSourcesBuildPhase section */

/* Begin PBXVariantGroup section */
		63796AFB249EDA5A007DEBAC /* Main.storyboard */ = {
			isa = PBXVariantGroup;
			children = (
				63796AFC249EDA5A007DEBAC /* Base */,
			);
			name = Main.storyboard;
			sourceTree = "<group>";
		};
		63796B00249EDA5C007DEBAC /* LaunchScreen.storyboard */ = {
			isa = PBXVariantGroup;
			children = (
				63796B01249EDA5C007DEBAC /* Base */,
			);
			name = LaunchScreen.storyboard;
			sourceTree = "<group>";
		};
/* End PBXVariantGroup section */

/* Begin XCBuildConfiguration section */
		63796B04249EDA5C007DEBAC /* Debug */ = {
			isa = XCBuildConfiguration;
			buildSettings = {
				ALWAYS_SEARCH_USER_PATHS = NO;
				CLANG_ANALYZER_NONNULL = YES;
				CLANG_ANALYZER_NUMBER_OBJECT_CONVERSION = YES_AGGRESSIVE;
				CLANG_CXX_LANGUAGE_STANDARD = "gnu++14";
				CLANG_CXX_LIBRARY = "libc++";
				CLANG_ENABLE_MODULES = YES;
				CLANG_ENABLE_OBJC_ARC = YES;
				CLANG_ENABLE_OBJC_WEAK = YES;
				CLANG_WARN_BLOCK_CAPTURE_AUTORELEASING = YES;
				CLANG_WARN_BOOL_CONVERSION = YES;
				CLANG_WARN_COMMA = YES;
				CLANG_WARN_CONSTANT_CONVERSION = YES;
				CLANG_WARN_DEPRECATED_OBJC_IMPLEMENTATIONS = YES;
				CLANG_WARN_DIRECT_OBJC_ISA_USAGE = YES_ERROR;
				CLANG_WARN_DOCUMENTATION_COMMENTS = YES;
				CLANG_WARN_EMPTY_BODY = YES;
				CLANG_WARN_ENUM_CONVERSION = YES;
				CLANG_WARN_INFINITE_RECURSION = YES;
				CLANG_WARN_INT_CONVERSION = YES;
				CLANG_WARN_NON_LITERAL_NULL_CONVERSION = YES;
				CLANG_WARN_OBJC_IMPLICIT_RETAIN_SELF = YES;
				CLANG_WARN_OBJC_LITERAL_CONVERSION = YES;
				CLANG_WARN_OBJC_ROOT_CLASS = YES_ERROR;
				CLANG_WARN_RANGE_LOOP_ANALYSIS = YES;
				CLANG_WARN_STRICT_PROTOTYPES = YES;
				CLANG_WARN_SUSPICIOUS_MOVE = YES;
				CLANG_WARN_UNGUARDED_AVAILABILITY = YES_AGGRESSIVE;
				CLANG_WARN_UNREACHABLE_CODE = YES;
				CLANG_WARN__DUPLICATE_METHOD_MATCH = YES;
				COPY_PHASE_STRIP = NO;
				DEBUG_INFORMATION_FORMAT = dwarf;
				ENABLE_STRICT_OBJC_MSGSEND = YES;
				ENABLE_TESTABILITY = YES;
				GCC_C_LANGUAGE_STANDARD = gnu11;
				GCC_DYNAMIC_NO_PIC = NO;
				GCC_NO_COMMON_BLOCKS = YES;
				GCC_OPTIMIZATION_LEVEL = 0;
				GCC_PREPROCESSOR_DEFINITIONS = (
					"DEBUG=1",
					"$(inherited)",
				);
				GCC_WARN_64_TO_32_BIT_CONVERSION = YES;
				GCC_WARN_ABOUT_RETURN_TYPE = YES_ERROR;
				GCC_WARN_UNDECLARED_SELECTOR = YES;
				GCC_WARN_UNINITIALIZED_AUTOS = YES_AGGRESSIVE;
				GCC_WARN_UNUSED_FUNCTION = YES;
				GCC_WARN_UNUSED_VARIABLE = YES;
				IPHONEOS_DEPLOYMENT_TARGET = 13.5;
				MTL_ENABLE_DEBUG_INFO = INCLUDE_SOURCE;
				MTL_FAST_MATH = YES;
				ONLY_ACTIVE_ARCH = YES;
				SDKROOT = iphoneos;
				SWIFT_ACTIVE_COMPILATION_CONDITIONS = DEBUG;
				SWIFT_OPTIMIZATION_LEVEL = "-Onone";
			};
			name = Debug;
		};
		63796B05249EDA5C007DEBAC /* Release */ = {
			isa = XCBuildConfiguration;
			buildSettings = {
				ALWAYS_SEARCH_USER_PATHS = NO;
				CLANG_ANALYZER_NONNULL = YES;
				CLANG_ANALYZER_NUMBER_OBJECT_CONVERSION = YES_AGGRESSIVE;
				CLANG_CXX_LANGUAGE_STANDARD = "gnu++14";
				CLANG_CXX_LIBRARY = "libc++";
				CLANG_ENABLE_MODULES = YES;
				CLANG_ENABLE_OBJC_ARC = YES;
				CLANG_ENABLE_OBJC_WEAK = YES;
				CLANG_WARN_BLOCK_CAPTURE_AUTORELEASING = YES;
				CLANG_WARN_BOOL_CONVERSION = YES;
				CLANG_WARN_COMMA = YES;
				CLANG_WARN_CONSTANT_CONVERSION = YES;
				CLANG_WARN_DEPRECATED_OBJC_IMPLEMENTATIONS = YES;
				CLANG_WARN_DIRECT_OBJC_ISA_USAGE = YES_ERROR;
				CLANG_WARN_DOCUMENTATION_COMMENTS = YES;
				CLANG_WARN_EMPTY_BODY = YES;
				CLANG_WARN_ENUM_CONVERSION = YES;
				CLANG_WARN_INFINITE_RECURSION = YES;
				CLANG_WARN_INT_CONVERSION = YES;
				CLANG_WARN_NON_LITERAL_NULL_CONVERSION = YES;
				CLANG_WARN_OBJC_IMPLICIT_RETAIN_SELF = YES;
				CLANG_WARN_OBJC_LITERAL_CONVERSION = YES;
				CLANG_WARN_OBJC_ROOT_CLASS = YES_ERROR;
				CLANG_WARN_RANGE_LOOP_ANALYSIS = YES;
				CLANG_WARN_STRICT_PROTOTYPES = YES;
				CLANG_WARN_SUSPICIOUS_MOVE = YES;
				CLANG_WARN_UNGUARDED_AVAILABILITY = YES_AGGRESSIVE;
				CLANG_WARN_UNREACHABLE_CODE = YES;
				CLANG_WARN__DUPLICATE_METHOD_MATCH = YES;
				COPY_PHASE_STRIP = NO;
				DEBUG_INFORMATION_FORMAT = "dwarf-with-dsym";
				ENABLE_NS_ASSERTIONS = NO;
				ENABLE_STRICT_OBJC_MSGSEND = YES;
				GCC_C_LANGUAGE_STANDARD = gnu11;
				GCC_NO_COMMON_BLOCKS = YES;
				GCC_WARN_64_TO_32_BIT_CONVERSION = YES;
				GCC_WARN_ABOUT_RETURN_TYPE = YES_ERROR;
				GCC_WARN_UNDECLARED_SELECTOR = YES;
				GCC_WARN_UNINITIALIZED_AUTOS = YES_AGGRESSIVE;
				GCC_WARN_UNUSED_FUNCTION = YES;
				GCC_WARN_UNUSED_VARIABLE = YES;
				IPHONEOS_DEPLOYMENT_TARGET = 13.5;
				MTL_ENABLE_DEBUG_INFO = NO;
				MTL_FAST_MATH = YES;
				SDKROOT = iphoneos;
				SWIFT_COMPILATION_MODE = wholemodule;
				SWIFT_OPTIMIZATION_LEVEL = "-O";
				VALIDATE_PRODUCT = YES;
			};
			name = Release;
		};
		63796B07249EDA5C007DEBAC /* Debug */ = {
			isa = XCBuildConfiguration;
			buildSettings = {
				ASSETCATALOG_COMPILER_APPICON_NAME = AppIcon;
				CODE_SIGN_STYLE = Automatic;
				INFOPLIST_FILE = mv_to_ios/Info.plist;
				LD_RUNPATH_SEARCH_PATHS = (
					"$(inherited)",
					"@executable_path/Frameworks",
				);
				PRODUCT_BUNDLE_IDENTIFIER = "dev.mv-to-ios";
				PRODUCT_NAME = "$(TARGET_NAME)";
				SWIFT_VERSION = 5.0;
				TARGETED_DEVICE_FAMILY = "1,2";
			};
			name = Debug;
		};
		63796B08249EDA5C007DEBAC /* Release */ = {
			isa = XCBuildConfiguration;
			buildSettings = {
				ASSETCATALOG_COMPILER_APPICON_NAME = AppIcon;
				CODE_SIGN_STYLE = Automatic;
				INFOPLIST_FILE = mv_to_ios/Info.plist;
				LD_RUNPATH_SEARCH_PATHS = (
					"$(inherited)",
					"@executable_path/Frameworks",
				);
				PRODUCT_BUNDLE_IDENTIFIER = "dev.mv-to-ios";
				PRODUCT_NAME = "$(TARGET_NAME)";
				SWIFT_VERSION = 5.0;
				TARGETED_DEVICE_FAMILY = "1,2";
			};
			name = Release;
		};
/* End XCBuildConfiguration section */

/* Begin XCConfigurationList section */
		63796AED249EDA5A007DEBAC /* Build configuration list for PBXProject "mv_to_ios" */ = {
			isa = XCConfigurationList;
			buildConfigurations = (
				63796B04249EDA5C007DEBAC /* Debug */,
				63796B05249EDA5C007DEBAC /* Release */,
			);
			defaultConfigurationIsVisible = 0;
			defaultConfigurationName = Release;
		};
		63796B06249EDA5C007DEBAC /* Build configuration list for PBXNativeTarget "mv_to_ios" */ = {
			isa = XCConfigurationList;
			buildConfigurations = (
				63796B07249EDA5C007DEBAC /* Debug */,
				63796B08249EDA5C007DEBAC /* Release */,
			);
			defaultConfigurationIsVisible = 0;
			defaultConfigurationName = Release;
		};
/* End XCConfigurationList section */
	};
	rootObject = 63796AEA249EDA5A007DEBAC /* Project object */;
}
